
Microsoft Visual Studio Solution File, Format Version 12.00
# Visual Studio 15
VisualStudioVersion = 15.0.28010.2041
MinimumVisualStudioVersion = 10.0.40219.1
Project("{FAE04EC0-301F-11D3-BF4B-00C04F79EFBC}") = "StackOverflowData", "StackOverflowData\StackOverflowData.csproj", "{68B3B53F-36E5-4437-9593-2A2D06E434BF}"
EndProject
Global
	GlobalSection(SolutionConfigurationPlatforms) = preSolution
		Debug|Any CPU = Debug|Any CPU
		Release|Any CPU = Release|Any CPU
	EndGlobalSection
	GlobalSection(ProjectConfigurationPlatforms) = postSolution
		{68B3B53F-36E5-4437-9593-2A2D06E434BF}.Debug|Any CPU.ActiveCfg = Debug|Any CPU
		{68B3B53F-36E5-4437-9593-2A2D06E434BF}.Debug|Any CPU.Build.0 = Debug|Any CPU
		{68B3B53F-36E5-4437-9593-2A2D06E434BF}.Release|Any CPU.ActiveCfg = Release|Any CPU
		{68B3B53F-36E5-4437-9593-2A2D06E434BF}.Release|Any CPU.Build.0 = Release|Any CPU
	EndGlobalSection
	GlobalSection(SolutionProperties) = preSolution
		HideSolutionNode = FALSE
	EndGlobalSection
	GlobalSection(ExtensibilityGlobals) = postSolution
		SolutionGuid = {613B5537-3632-41D0-AFEA-C977B7EE3703}
	EndGlobalSection
EndGlobal
